{
  "originHash" : "ec6bc3d090a78589987d65d582af3659e044854e5706f3a37c754934f5807190",
  "pins" : [
    {
      "identity" : "amazon-location-mobile-auth-sdk-ios",
      "kind" : "remoteSourceControl",
      "location" : "https://github.com/makeen-project/amazon-location-mobile-auth-sdk-ios.git",
      "state" : {
        "branch" : "main",
        "revision" : "eba6cfe835ed7cee4ac4581cd2ab485c5adb4b29"
      }
    },
    {
      "identity" : "amazon-location-mobile-tracking-sdk-ios",
      "kind" : "remoteSourceControl",
      "location" : "https://github.com/makeen-project/amazon-location-mobile-tracking-sdk-ios.git",
      "state" : {
        "branch" : "iot_feature",
        "revision" : "01f19c4e557df852437c55a1b9af5307c1a4db8e"
      }
    },
    {
      "identity" : "aws-crt-swift",
      "kind" : "remoteSourceControl",
      "location" : "https://github.com/awslabs/aws-crt-swift",
      "state" : {
        "revision" : "b6380f683b31072d77b601c88674461c11bcad5a",
        "version" : "0.30.0"
      }
    },
    {
      "identity" : "aws-sdk-swift",
      "kind" : "remoteSourceControl",
      "location" : "https://github.com/awslabs/aws-sdk-swift",
      "state" : {
        "revision" : "14da8fcf13246e4f46cadc7a5ce291d839f3225d",
        "version" : "0.45.0"
      }
    },
    {
      "identity" : "keychain-swift",
      "kind" : "remoteSourceControl",
      "location" : "https://github.com/evgenyneu/keychain-swift.git",
      "state" : {
        "revision" : "d108a1fa6189e661f91560548ef48651ed8d93b9",
        "version" : "20.0.0"
      }
    },
    {
      "identity" : "maplibre-gl-native-distribution",
      "kind" : "remoteSourceControl",
      "location" : "https://github.com/maplibre/maplibre-gl-native-distribution",
      "state" : {
        "revision" : "3f712ee1e65ef7ed6ca6db07658689aa3d185064",
        "version" : "6.5.0"
      }
    },
    {
      "identity" : "smithy-swift",
      "kind" : "remoteSourceControl",
      "location" : "https://github.com/smithy-lang/smithy-swift",
      "state" : {
        "revision" : "a30764bf83af6876a3956aa394c838dcf2975cb3",
        "version" : "0.50.0"
      }
    },
    {
      "identity" : "swift-log",
      "kind" : "remoteSourceControl",
      "location" : "https://github.com/apple/swift-log.git",
      "state" : {
        "revision" : "e97a6fcb1ab07462881ac165fdbb37f067e205d5",
        "version" : "1.5.4"
      }
    }
  ],
  "version" : 3
}
