{
  "originHash" : "ec6bc3d090a78589987d65d582af3659e044854e5706f3a37c754934f5807190",
  "pins" : [
    {
      "identity" : "amazon-location-mobile-auth-sdk-ios",
      "kind" : "remoteSourceControl",
      "location" : "https://github.com/makeen-project/amazon-location-mobile-auth-sdk-ios.git",
      "state" : {
        "branch" : "iot_mqtt_feature",
        "revision" : "126d2620d7752413ca1e1aaac19c85718afffe98"
      }
    },
    {
      "identity" : "amazon-location-mobile-tracking-sdk-ios",
      "kind" : "remoteSourceControl",
      "location" : "https://github.com/makeen-project/amazon-location-mobile-tracking-sdk-ios.git",
      "state" : {
        "branch" : "iot_mqtt_feature",
        "revision" : "f42ca3f05eb609b3bcc27497e57a1d368d4f430a"
      }
    },
    {
      "identity" : "aws-crt-swift",
      "kind" : "remoteSourceControl",
      "location" : "https://github.com/awslabs/aws-crt-swift",
      "state" : {
        "revision" : "b6380f683b31072d77b601c88674461c11bcad5a",
        "version" : "0.30.0"
      }
    },
    {
      "identity" : "aws-sdk-swift",
      "kind" : "remoteSourceControl",
      "location" : "https://github.com/awslabs/aws-sdk-swift",
      "state" : {
        "branch" : "0.46.0",
        "revision" : "3c20e0be8c8246de8b8e04372404ef1f90be71b6"
      }
    },
    {
      "identity" : "keychain-swift",
      "kind" : "remoteSourceControl",
      "location" : "https://github.com/evgenyneu/keychain-swift.git",
      "state" : {
        "revision" : "d108a1fa6189e661f91560548ef48651ed8d93b9",
        "version" : "20.0.0"
      }
    },
    {
      "identity" : "maplibre-gl-native-distribution",
      "kind" : "remoteSourceControl",
      "location" : "https://github.com/maplibre/maplibre-gl-native-distribution",
      "state" : {
        "revision" : "3f712ee1e65ef7ed6ca6db07658689aa3d185064",
        "version" : "6.5.0"
      }
    },
    {
      "identity" : "smithy-swift",
      "kind" : "remoteSourceControl",
      "location" : "https://github.com/smithy-lang/smithy-swift",
      "state" : {
        "revision" : "b2322a067f85c230f17c80be8a67dd543454b081",
        "version" : "0.51.0"
      }
    },
    {
      "identity" : "swift-log",
      "kind" : "remoteSourceControl",
      "location" : "https://github.com/apple/swift-log.git",
      "state" : {
        "revision" : "b3a637307772d20291d78a5b7a0d4204d9b1e981",
        "version" : "1.6.0"
      }
    }
  ],
  "version" : 3
}
